
Microsoft Visual Studio Solution File, Format Version 12.00
# Visual Studio Version 16
VisualStudioVersion = 16.0.29409.12
MinimumVisualStudioVersion = 10.0.40219.1
Project("{FAE04EC0-301F-11D3-BF4B-00C04F79EFBC}") = "Delivery", "Delivery\Delivery.csproj", "{59604DAF-52BD-4907-AED9-D16C8F9D9052}"
EndProject
Global
	GlobalSection(SolutionConfigurationPlatforms) = preSolution
		Debug|Any CPU = Debug|Any CPU
		Release|Any CPU = Release|Any CPU
	EndGlobalSection
	GlobalSection(ProjectConfigurationPlatforms) = postSolution
		{59604DAF-52BD-4907-AED9-D16C8F9D9052}.Debug|Any CPU.ActiveCfg = Debug|Any CPU
		{59604DAF-52BD-4907-AED9-D16C8F9D9052}.Debug|Any CPU.Build.0 = Debug|Any CPU
		{59604DAF-52BD-4907-AED9-D16C8F9D9052}.Release|Any CPU.ActiveCfg = Release|Any CPU
		{59604DAF-52BD-4907-AED9-D16C8F9D9052}.Release|Any CPU.Build.0 = Release|Any CPU
	EndGlobalSection
	GlobalSection(SolutionProperties) = preSolution
		HideSolutionNode = FALSE
	EndGlobalSection
	GlobalSection(ExtensibilityGlobals) = postSolution
		SolutionGuid = {BFE21EEC-8D37-4D72-B40A-781269D30771}
	EndGlobalSection
EndGlobal
