
Microsoft Visual Studio Solution File, Format Version 12.00
# Visual Studio Version 16
VisualStudioVersion = 16.0.29409.12
MinimumVisualStudioVersion = 10.0.40219.1
Project("{FAE04EC0-301F-11D3-BF4B-00C04F79EFBC}") = "Salary", "Salary\Salary.csproj", "{D85D1BB0-F04F-4DF9-A5D1-515A971BBBB5}"
EndProject
Global
	GlobalSection(SolutionConfigurationPlatforms) = preSolution
		Debug|Any CPU = Debug|Any CPU
		Release|Any CPU = Release|Any CPU
	EndGlobalSection
	GlobalSection(ProjectConfigurationPlatforms) = postSolution
		{D85D1BB0-F04F-4DF9-A5D1-515A971BBBB5}.Debug|Any CPU.ActiveCfg = Debug|Any CPU
		{D85D1BB0-F04F-4DF9-A5D1-515A971BBBB5}.Debug|Any CPU.Build.0 = Debug|Any CPU
		{D85D1BB0-F04F-4DF9-A5D1-515A971BBBB5}.Release|Any CPU.ActiveCfg = Release|Any CPU
		{D85D1BB0-F04F-4DF9-A5D1-515A971BBBB5}.Release|Any CPU.Build.0 = Release|Any CPU
	EndGlobalSection
	GlobalSection(SolutionProperties) = preSolution
		HideSolutionNode = FALSE
	EndGlobalSection
	GlobalSection(ExtensibilityGlobals) = postSolution
		SolutionGuid = {4C7D771B-8CF8-49CC-9D27-C3937AC0261F}
	EndGlobalSection
EndGlobal
