
Microsoft Visual Studio Solution File, Format Version 12.00
# Visual Studio Version 16
VisualStudioVersion = 16.0.29409.12
MinimumVisualStudioVersion = 10.0.40219.1
Project("{FAE04EC0-301F-11D3-BF4B-00C04F79EFBC}") = "DataTypes", "DataTypes\DataTypes.csproj", "{30279835-0F70-4F03-9530-02A4D908A262}"
EndProject
Global
	GlobalSection(SolutionConfigurationPlatforms) = preSolution
		Debug|Any CPU = Debug|Any CPU
		Release|Any CPU = Release|Any CPU
	EndGlobalSection
	GlobalSection(ProjectConfigurationPlatforms) = postSolution
		{30279835-0F70-4F03-9530-02A4D908A262}.Debug|Any CPU.ActiveCfg = Debug|Any CPU
		{30279835-0F70-4F03-9530-02A4D908A262}.Debug|Any CPU.Build.0 = Debug|Any CPU
		{30279835-0F70-4F03-9530-02A4D908A262}.Release|Any CPU.ActiveCfg = Release|Any CPU
		{30279835-0F70-4F03-9530-02A4D908A262}.Release|Any CPU.Build.0 = Release|Any CPU
	EndGlobalSection
	GlobalSection(SolutionProperties) = preSolution
		HideSolutionNode = FALSE
	EndGlobalSection
	GlobalSection(ExtensibilityGlobals) = postSolution
		SolutionGuid = {7DFA2D82-92F7-4CCB-9057-B18C3730D140}
	EndGlobalSection
EndGlobal
