
Microsoft Visual Studio Solution File, Format Version 12.00
# Visual Studio Version 16
VisualStudioVersion = 16.0.29409.12
MinimumVisualStudioVersion = 10.0.40219.1
Project("{FAE04EC0-301F-11D3-BF4B-00C04F79EFBC}") = "TextOutputApp", "TextOutputApp\TextOutputApp.csproj", "{708E2F03-F611-4602-B2AD-37E6891DE676}"
EndProject
Global
	GlobalSection(SolutionConfigurationPlatforms) = preSolution
		Debug|Any CPU = Debug|Any CPU
		Release|Any CPU = Release|Any CPU
	EndGlobalSection
	GlobalSection(ProjectConfigurationPlatforms) = postSolution
		{708E2F03-F611-4602-B2AD-37E6891DE676}.Debug|Any CPU.ActiveCfg = Debug|Any CPU
		{708E2F03-F611-4602-B2AD-37E6891DE676}.Debug|Any CPU.Build.0 = Debug|Any CPU
		{708E2F03-F611-4602-B2AD-37E6891DE676}.Release|Any CPU.ActiveCfg = Release|Any CPU
		{708E2F03-F611-4602-B2AD-37E6891DE676}.Release|Any CPU.Build.0 = Release|Any CPU
	EndGlobalSection
	GlobalSection(SolutionProperties) = preSolution
		HideSolutionNode = FALSE
	EndGlobalSection
	GlobalSection(ExtensibilityGlobals) = postSolution
		SolutionGuid = {05048631-B580-4B8B-B4AA-2734426E6D99}
	EndGlobalSection
EndGlobal
