
Microsoft Visual Studio Solution File, Format Version 12.00
# Visual Studio Version 16
VisualStudioVersion = 16.0.29409.12
MinimumVisualStudioVersion = 10.0.40219.1
Project("{FAE04EC0-301F-11D3-BF4B-00C04F79EFBC}") = "DeMorgan", "DeMorgan\DeMorgan.csproj", "{83FC46A5-1646-4594-ABA3-6FE9C5E3F507}"
EndProject
Global
	GlobalSection(SolutionConfigurationPlatforms) = preSolution
		Debug|Any CPU = Debug|Any CPU
		Release|Any CPU = Release|Any CPU
	EndGlobalSection
	GlobalSection(ProjectConfigurationPlatforms) = postSolution
		{83FC46A5-1646-4594-ABA3-6FE9C5E3F507}.Debug|Any CPU.ActiveCfg = Debug|Any CPU
		{83FC46A5-1646-4594-ABA3-6FE9C5E3F507}.Debug|Any CPU.Build.0 = Debug|Any CPU
		{83FC46A5-1646-4594-ABA3-6FE9C5E3F507}.Release|Any CPU.ActiveCfg = Release|Any CPU
		{83FC46A5-1646-4594-ABA3-6FE9C5E3F507}.Release|Any CPU.Build.0 = Release|Any CPU
	EndGlobalSection
	GlobalSection(SolutionProperties) = preSolution
		HideSolutionNode = FALSE
	EndGlobalSection
	GlobalSection(ExtensibilityGlobals) = postSolution
		SolutionGuid = {A73C2382-0EBE-4E6C-AAAC-A401A0109523}
	EndGlobalSection
EndGlobal
